// !$*UTF8*$!
{
	archiveVersion = 1;
	classes = {
	};
	objectVersion = 46;
	objects = {

/* Begin PBXBuildFile section */
		37D3DC6D1E3C7CB90025ECDA /* AppDelegate.swift in Sources */ = {isa = PBXBuildFile; fileRef = 37D3DC6C1E3C7CB90025ECDA /* AppDelegate.swift */; };
		37D3DC6F1E3C7CB90025ECDA /* ViewController.swift in Sources */ = {isa = PBXBuildFile; fileRef = 37D3DC6E1E3C7CB90025ECDA /* ViewController.swift */; };
		37D3DC721E3C7CB90025ECDA /* Main.storyboard in Resources */ = {isa = PBXBuildFile; fileRef = 37D3DC701E3C7CB90025ECDA /* Main.storyboard */; };
		37D3DC751E3C7CB90025ECDA /* Do_It.xcdatamodeld in Sources */ = {isa = PBXBuildFile; fileRef = 37D3DC731E3C7CB90025ECDA /* Do_It.xcdatamodeld */; };
		37D3DC771E3C7CB90025ECDA /* Assets.xcassets in Resources */ = {isa = PBXBuildFile; fileRef = 37D3DC761E3C7CB90025ECDA /* Assets.xcassets */; };
		37D3DC7A1E3C7CB90025ECDA /* LaunchScreen.storyboard in Resources */ = {isa = PBXBuildFile; fileRef = 37D3DC781E3C7CB90025ECDA /* LaunchScreen.storyboard */; };
/* End PBXBuildFile section */

/* Begin PBXFileReference section */
		37D3DC691E3C7CB90025ECDA /* Do It.app */ = {isa = PBXFileReference; explicitFileType = wrapper.application; includeInIndex = 0; path = "Do It.app"; sourceTree = BUILT_PRODUCTS_DIR; };
		37D3DC6C1E3C7CB90025ECDA /* AppDelegate.swift */ = {isa = PBXFileReference; lastKnownFileType = sourcecode.swift; path = AppDelegate.swift; sourceTree = "<group>"; };
		37D3DC6E1E3C7CB90025ECDA /* ViewController.swift */ = {isa = PBXFileReference; lastKnownFileType = sourcecode.swift; path = ViewController.swift; sourceTree = "<group>"; };
		37D3DC711E3C7CB90025ECDA /* Base */ = {isa = PBXFileReference; lastKnownFileType = file.storyboard; name = Base; path = Base.lproj/Main.storyboard; sourceTree = "<group>"; };
		37D3DC741E3C7CB90025ECDA /* Do_It.xcdatamodel */ = {isa = PBXFileReference; lastKnownFileType = wrapper.xcdatamodel; path = Do_It.xcdatamodel; sourceTree = "<group>"; };
		37D3DC761E3C7CB90025ECDA /* Assets.xcassets */ = {isa = PBXFileReference; lastKnownFileType = folder.assetcatalog; path = Assets.xcassets; sourceTree = "<group>"; };
		37D3DC791E3C7CB90025ECDA /* Base */ = {isa = PBXFileReference; lastKnownFileType = file.storyboard; name = Base; path = Base.lproj/LaunchScreen.storyboard; sourceTree = "<group>"; };
		37D3DC7B1E3C7CB90025ECDA /* Info.plist */ = {isa = PBXFileReference; lastKnownFileType = text.plist.xml; path = Info.plist; sourceTree = "<group>"; };
/* End PBXFileReference section */

/* Begin PBXFrameworksBuildPhase section */
		37D3DC661E3C7CB90025ECDA /* Frameworks */ = {
			isa = PBXFrameworksBuildPhase;
			buildActionMask = 2147483647;
			files = (
			);
			runOnlyForDeploymentPostprocessing = 0;
		};
/* End PBXFrameworksBuildPhase section */

/* Begin PBXGroup section */
		37D3DC601E3C7CB90025ECDA = {
			isa = PBXGroup;
			children = (
				37D3DC6B1E3C7CB90025ECDA /* Do It */,
				37D3DC6A1E3C7CB90025ECDA /* Products */,
			);
			sourceTree = "<group>";
		};
		37D3DC6A1E3C7CB90025ECDA /* Products */ = {
			isa = PBXGroup;
			children = (
				37D3DC691E3C7CB90025ECDA /* Do It.app */,
			);
			name = Products;
			sourceTree = "<group>";
		};
		37D3DC6B1E3C7CB90025ECDA /* Do It */ = {
			isa = PBXGroup;
			children = (
				37D3DC6C1E3C7CB90025ECDA /* AppDelegate.swift */,
				37D3DC6E1E3C7CB90025ECDA /* ViewController.swift */,
				37D3DC701E3C7CB90025ECDA /* Main.storyboard */,
				37D3DC761E3C7CB90025ECDA /* Assets.xcassets */,
				37D3DC781E3C7CB90025ECDA /* LaunchScreen.storyboard */,
				37D3DC7B1E3C7CB90025ECDA /* Info.plist */,
				37D3DC731E3C7CB90025ECDA /* Do_It.xcdatamodeld */,
			);
			path = "Do It";
			sourceTree = "<group>";
		};
/* End PBXGroup section */

/* Begin PBXNativeTarget section */
		37D3DC681E3C7CB90025ECDA /* Do It */ = {
			isa = PBXNativeTarget;
			buildConfigurationList = 37D3DC7E1E3C7CB90025ECDA /* Build configuration list for PBXNativeTarget "Do It" */;
			buildPhases = (
				37D3DC651E3C7CB90025ECDA /* Sources */,
				37D3DC661E3C7CB90025ECDA /* Frameworks */,
				37D3DC671E3C7CB90025ECDA /* Resources */,
			);
			buildRules = (
			);
			dependencies = (
			);
			name = "Do It";
			productName = "Do It";
			productReference = 37D3DC691E3C7CB90025ECDA /* Do It.app */;
			productType = "com.apple.product-type.application";
		};
/* End PBXNativeTarget section */

/* Begin PBXProject section */
		37D3DC611E3C7CB90025ECDA /* Project object */ = {
			isa = PBXProject;
			attributes = {
				LastSwiftUpdateCheck = 0800;
				LastUpgradeCheck = 0800;
				ORGANIZATIONNAME = "Nick's Basement";
				TargetAttributes = {
					37D3DC681E3C7CB90025ECDA = {
						CreatedOnToolsVersion = 8.0;
						ProvisioningStyle = Automatic;
					};
				};
			};
			buildConfigurationList = 37D3DC641E3C7CB90025ECDA /* Build configuration list for PBXProject "Do It" */;
			compatibilityVersion = "Xcode 3.2";
			developmentRegion = English;
			hasScannedForEncodings = 0;
			knownRegions = (
				en,
				Base,
			);
			mainGroup = 37D3DC601E3C7CB90025ECDA;
			productRefGroup = 37D3DC6A1E3C7CB90025ECDA /* Products */;
			projectDirPath = "";
			projectRoot = "";
			targets = (
				37D3DC681E3C7CB90025ECDA /* Do It */,
			);
		};
/* End PBXProject section */

/* Begin PBXResourcesBuildPhase section */
		37D3DC671E3C7CB90025ECDA /* Resources */ = {
			isa = PBXResourcesBuildPhase;
			buildActionMask = 2147483647;
			files = (
				37D3DC7A1E3C7CB90025ECDA /* LaunchScreen.storyboard in Resources */,
				37D3DC771E3C7CB90025ECDA /* Assets.xcassets in Resources */,
				37D3DC721E3C7CB90025ECDA /* Main.storyboard in Resources */,
			);
			runOnlyForDeploymentPostprocessing = 0;
		};
/* End PBXResourcesBuildPhase section */

/* Begin PBXSourcesBuildPhase section */
		37D3DC651E3C7CB90025ECDA /* Sources */ = {
			isa = PBXSourcesBuildPhase;
			buildActionMask = 2147483647;
			files = (
				37D3DC751E3C7CB90025ECDA /* Do_It.xcdatamodeld in Sources */,
				37D3DC6F1E3C7CB90025ECDA /* ViewController.swift in Sources */,
				37D3DC6D1E3C7CB90025ECDA /* AppDelegate.swift in Sources */,
			);
			runOnlyForDeploymentPostprocessing = 0;
		};
/* End PBXSourcesBuildPhase section */

/* Begin PBXVariantGroup section */
		37D3DC701E3C7CB90025ECDA /* Main.storyboard */ = {
			isa = PBXVariantGroup;
			children = (
				37D3DC711E3C7CB90025ECDA /* Base */,
			);
			name = Main.storyboard;
			sourceTree = "<group>";
		};
		37D3DC781E3C7CB90025ECDA /* LaunchScreen.storyboard */ = {
			isa = PBXVariantGroup;
			children = (
				37D3DC791E3C7CB90025ECDA /* Base */,
			);
			name = LaunchScreen.storyboard;
			sourceTree = "<group>";
		};
/* End PBXVariantGroup section */

/* Begin XCBuildConfiguration section */
		37D3DC7C1E3C7CB90025ECDA /* Debug */ = {
			isa = XCBuildConfiguration;
			buildSettings = {
				ALWAYS_SEARCH_USER_PATHS = NO;
				CLANG_ANALYZER_NONNULL = YES;
				CLANG_CXX_LANGUAGE_STANDARD = "gnu++0x";
				CLANG_CXX_LIBRARY = "libc++";
				CLANG_ENABLE_MODULES = YES;
				CLANG_ENABLE_OBJC_ARC = YES;
				CLANG_WARN_BOOL_CONVERSION = YES;
				CLANG_WARN_CONSTANT_CONVERSION = YES;
				CLANG_WARN_DIRECT_OBJC_ISA_USAGE = YES_ERROR;
				CLANG_WARN_DOCUMENTATION_COMMENTS = YES;
				CLANG_WARN_EMPTY_BODY = YES;
				CLANG_WARN_ENUM_CONVERSION = YES;
				CLANG_WARN_INFINITE_RECURSION = YES;
				CLANG_WARN_INT_CONVERSION = YES;
				CLANG_WARN_OBJC_ROOT_CLASS = YES_ERROR;
				CLANG_WARN_SUSPICIOUS_MOVES = YES;
				CLANG_WARN_UNREACHABLE_CODE = YES;
				CLANG_WARN__DUPLICATE_METHOD_MATCH = YES;
				"CODE_SIGN_IDENTITY[sdk=iphoneos*]" = "iPhone Developer";
				COPY_PHASE_STRIP = NO;
				DEBUG_INFORMATION_FORMAT = dwarf;
				ENABLE_STRICT_OBJC_MSGSEND = YES;
				ENABLE_TESTABILITY = YES;
				GCC_C_LANGUAGE_STANDARD = gnu99;
				GCC_DYNAMIC_NO_PIC = NO;
				GCC_NO_COMMON_BLOCKS = YES;
				GCC_OPTIMIZATION_LEVEL = 0;
				GCC_PREPROCESSOR_DEFINITIONS = (
					"DEBUG=1",
					"$(inherited)",
				);
				GCC_WARN_64_TO_32_BIT_CONVERSION = YES;
				GCC_WARN_ABOUT_RETURN_TYPE = YES_ERROR;
				GCC_WARN_UNDECLARED_SELECTOR = YES;
				GCC_WARN_UNINITIALIZED_AUTOS = YES_AGGRESSIVE;
				GCC_WARN_UNUSED_FUNCTION = YES;
				GCC_WARN_UNUSED_VARIABLE = YES;
				IPHONEOS_DEPLOYMENT_TARGET = 10.0;
				MTL_ENABLE_DEBUG_INFO = YES;
				ONLY_ACTIVE_ARCH = YES;
				SDKROOT = iphoneos;
				SWIFT_ACTIVE_COMPILATION_CONDITIONS = DEBUG;
				SWIFT_OPTIMIZATION_LEVEL = "-Onone";
				TARGETED_DEVICE_FAMILY = "1,2";
			};
			name = Debug;
		};
		37D3DC7D1E3C7CB90025ECDA /* Release */ = {
			isa = XCBuildConfiguration;
			buildSettings = {
				ALWAYS_SEARCH_USER_PATHS = NO;
				CLANG_ANALYZER_NONNULL = YES;
				CLANG_CXX_LANGUAGE_STANDARD = "gnu++0x";
				CLANG_CXX_LIBRARY = "libc++";
				CLANG_ENABLE_MODULES = YES;
				CLANG_ENABLE_OBJC_ARC = YES;
				CLANG_WARN_BOOL_CONVERSION = YES;
				CLANG_WARN_CONSTANT_CONVERSION = YES;
				CLANG_WARN_DIRECT_OBJC_ISA_USAGE = YES_ERROR;
				CLANG_WARN_DOCUMENTATION_COMMENTS = YES;
				CLANG_WARN_EMPTY_BODY = YES;
				CLANG_WARN_ENUM_CONVERSION = YES;
				CLANG_WARN_INFINITE_RECURSION = YES;
				CLANG_WARN_INT_CONVERSION = YES;
				CLANG_WARN_OBJC_ROOT_CLASS = YES_ERROR;
				CLANG_WARN_SUSPICIOUS_MOVES = YES;
				CLANG_WARN_UNREACHABLE_CODE = YES;
				CLANG_WARN__DUPLICATE_METHOD_MATCH = YES;
				"CODE_SIGN_IDENTITY[sdk=iphoneos*]" = "iPhone Developer";
				COPY_PHASE_STRIP = NO;
				DEBUG_INFORMATION_FORMAT = "dwarf-with-dsym";
				ENABLE_NS_ASSERTIONS = NO;
				ENABLE_STRICT_OBJC_MSGSEND = YES;
				GCC_C_LANGUAGE_STANDARD = gnu99;
				GCC_NO_COMMON_BLOCKS = YES;
				GCC_WARN_64_TO_32_BIT_CONVERSION = YES;
				GCC_WARN_ABOUT_RETURN_TYPE = YES_ERROR;
				GCC_WARN_UNDECLARED_SELECTOR = YES;
				GCC_WARN_UNINITIALIZED_AUTOS = YES_AGGRESSIVE;
				GCC_WARN_UNUSED_FUNCTION = YES;
				GCC_WARN_UNUSED_VARIABLE = YES;
				IPHONEOS_DEPLOYMENT_TARGET = 10.0;
				MTL_ENABLE_DEBUG_INFO = NO;
				SDKROOT = iphoneos;
				SWIFT_OPTIMIZATION_LEVEL = "-Owholemodule";
				TARGETED_DEVICE_FAMILY = "1,2";
				VALIDATE_PRODUCT = YES;
			};
			name = Release;
		};
		37D3DC7F1E3C7CB90025ECDA /* Debug */ = {
			isa = XCBuildConfiguration;
			buildSettings = {
				ASSETCATALOG_COMPILER_APPICON_NAME = AppIcon;
				INFOPLIST_FILE = "Do It/Info.plist";
				LD_RUNPATH_SEARCH_PATHS = "$(inherited) @executable_path/Frameworks";
				PRODUCT_BUNDLE_IDENTIFIER = "com.nicksbasement.Do-It";
				PRODUCT_NAME = "$(TARGET_NAME)";
				SWIFT_VERSION = 3.0;
			};
			name = Debug;
		};
		37D3DC801E3C7CB90025ECDA /* Release */ = {
			isa = XCBuildConfiguration;
			buildSettings = {
				ASSETCATALOG_COMPILER_APPICON_NAME = AppIcon;
				INFOPLIST_FILE = "Do It/Info.plist";
				LD_RUNPATH_SEARCH_PATHS = "$(inherited) @executable_path/Frameworks";
				PRODUCT_BUNDLE_IDENTIFIER = "com.nicksbasement.Do-It";
				PRODUCT_NAME = "$(TARGET_NAME)";
				SWIFT_VERSION = 3.0;
			};
			name = Release;
		};
/* End XCBuildConfiguration section */

/* Begin XCConfigurationList section */
		37D3DC641E3C7CB90025ECDA /* Build configuration list for PBXProject "Do It" */ = {
			isa = XCConfigurationList;
			buildConfigurations = (
				37D3DC7C1E3C7CB90025ECDA /* Debug */,
				37D3DC7D1E3C7CB90025ECDA /* Release */,
			);
			defaultConfigurationIsVisible = 0;
			defaultConfigurationName = Release;
		};
		37D3DC7E1E3C7CB90025ECDA /* Build configuration list for PBXNativeTarget "Do It" */ = {
			isa = XCConfigurationList;
			buildConfigurations = (
				37D3DC7F1E3C7CB90025ECDA /* Debug */,
				37D3DC801E3C7CB90025ECDA /* Release */,
			);
			defaultConfigurationIsVisible = 0;
		};
/* End XCConfigurationList section */

/* Begin XCVersionGroup section */
		37D3DC731E3C7CB90025ECDA /* Do_It.xcdatamodeld */ = {
			isa = XCVersionGroup;
			children = (
				37D3DC741E3C7CB90025ECDA /* Do_It.xcdatamodel */,
			);
			currentVersion = 37D3DC741E3C7CB90025ECDA /* Do_It.xcdatamodel */;
			path = Do_It.xcdatamodeld;
			sourceTree = "<group>";
			versionGroupType = wrapper.xcdatamodel;
		};
/* End XCVersionGroup section */
	};
	rootObject = 37D3DC611E3C7CB90025ECDA /* Project object */;
}
